{
  "name": "5.7",
  "lockfileVersion": 3,
  "requires": true,
  "packages": {
    "": {
      "dependencies": {
        "types-registry": "^0.1.705"
      }
    },
    "node_modules/types-registry": {
      "version": "0.1.705",
      "resolved": "https://registry.npmjs.org/types-registry/-/types-registry-0.1.705.tgz",
      "integrity": "sha512-M9APyVBwvoW9Ts790YNldblVmc2H9d5ZQ+jeP/zmyDzGiDdMmn24sW7bhoWdCtKlp/CKTZm6GYX14w9HeX/1+g=="
    }
  }
}
